{
    "_readme": [
        "This file locks the dependencies of your project to a known state",
        "Read more about it at https://getcomposer.org/doc/01-basic-usage.md#installing-dependencies",
        "This file is @generated automatically"
    ],
    "content-hash": "295b1e20ef5e56b472e67c0460e5031e",
    "packages": [
        {
            "name": "stripe/stripe-php",
            "version": "v13.18.0",
            "source": {
                "type": "git",
                "url": "https://github.com/stripe/stripe-php.git",
                "reference": "02abb043b103766f4ed920642ae56ffdc58c7467"
            },
            "dist": {
                "type": "zip",
                "url": "https://api.github.com/repos/stripe/stripe-php/zipball/02abb043b103766f4ed920642ae56ffdc58c7467",
                "reference": "02abb043b103766f4ed920642ae56ffdc58c7467",
                "shasum": ""
            },
            "require": {
                "ext-curl": "*",
                "ext-json": "*",
                "ext-mbstring": "*",
                "php": ">=5.6.0"
            },
            "require-dev": {
                "friendsofphp/php-cs-fixer": "3.5.0",
                "phpstan/phpstan": "^1.2",
                "phpunit/phpunit": "^5.7 || ^9.0"
            },
            "type": "library",
            "extra": {
                "branch-alias": {
                    "dev-master": "2.0-dev"
                }
            },
            "autoload": {
                "psr-4": {
                    "Stripe\\": "lib/"
                }
            },
            "notification-url": "https://packagist.org/downloads/",
            "license": [
                "MIT"
            ],
            "authors": [
                {
                    "name": "Stripe and contributors",
                    "homepage": "https://github.com/stripe/stripe-php/contributors"
                }
            ],
            "description": "Stripe PHP Library",
            "homepage": "https://stripe.com/",
            "keywords": [
                "api",
                "payment processing",
                "stripe"
            ],
            "support": {
                "issues": "https://github.com/stripe/stripe-php/issues",
                "source": "https://github.com/stripe/stripe-php/tree/v13.18.0"
            },
            "time": "2024-04-09T21:08:04+00:00"
        }
    ],
    "packages-dev": [
        {
            "name": "woocommerce/qit-cli",
            "version": "0.10.0",
            "source": {
                "type": "git",
                "url": "https://github.com/woocommerce/qit-cli.git",
                "reference": "42c4722bb71940dc0435103775439588e923e1cd"
            },
            "dist": {
                "type": "zip",
                "url": "https://api.github.com/repos/woocommerce/qit-cli/zipball/42c4722bb71940dc0435103775439588e923e1cd",
                "reference": "42c4722bb71940dc0435103775439588e923e1cd",
                "shasum": ""
            },
            "require": {
                "ext-curl": "*",
                "php": "^7.2.5 | ^8"
            },
            "bin": [
                "qit"
            ],
            "type": "library",
            "notification-url": "https://packagist.org/downloads/",
            "license": [
                "GPL-3.0-or-later"
            ],
            "description": "A command line interface for WooCommerce Quality Insights Toolkit (QIT).",
            "support": {
                "issues": "https://github.com/woocommerce/qit-cli/issues",
                "source": "https://github.com/woocommerce/qit-cli/tree/0.10.0"
            },
            "time": "2025-05-20T15:58:42+00:00"
        }
    ],
    "aliases": [],
    "minimum-stability": "stable",
    "stability-flags": {},
    "prefer-stable": false,
    "prefer-lowest": false,
    "platform": {
        "php": ">=8.0"
    },
    "platform-dev": {},
    "plugin-api-version": "2.6.0"
}
